Microsoft Visual Studio Solution File, Format Version 12.00
# Visual Studio Version 17
VisualStudioVersion = 17.5.2.0
MinimumVisualStudioVersion = 10.0.40219.1
Project("{FAE04EC0-301F-11D3-BF4B-00C04F79EFBC}") = "Example1", "Example1\Example1.csproj", "{D539EF7E-6D3A-9CA0-BFCF-64118316B23D}"
EndProject
Project("{FAE04EC0-301F-11D3-BF4B-00C04F79EFBC}") = "Structure", "Structure\Structure.csproj", "{6BD295DB-3E17-BB28-EACA-2AB6CA4BD369}"
EndProject
Global
	GlobalSection(SolutionConfigurationPlatforms) = preSolution
		Debug|Any CPU = Debug|Any CPU
		Release|Any CPU = Release|Any CPU
	EndGlobalSection
	GlobalSection(ProjectConfigurationPlatforms) = postSolution
		{D539EF7E-6D3A-9CA0-BFCF-64118316B23D}.Debug|Any CPU.ActiveCfg = Debug|Any CPU
		{D539EF7E-6D3A-9CA0-BFCF-64118316B23D}.Debug|Any CPU.Build.0 = Debug|Any CPU
		{D539EF7E-6D3A-9CA0-BFCF-64118316B23D}.Release|Any CPU.ActiveCfg = Release|Any CPU
		{D539EF7E-6D3A-9CA0-BFCF-64118316B23D}.Release|Any CPU.Build.0 = Release|Any CPU
		{6BD295DB-3E17-BB28-EACA-2AB6CA4BD369}.Debug|Any CPU.ActiveCfg = Debug|Any CPU
		{6BD295DB-3E17-BB28-EACA-2AB6CA4BD369}.Debug|Any CPU.Build.0 = Debug|Any CPU
		{6BD295DB-3E17-BB28-EACA-2AB6CA4BD369}.Release|Any CPU.ActiveCfg = Release|Any CPU
		{6BD295DB-3E17-BB28-EACA-2AB6CA4BD369}.Release|Any CPU.Build.0 = Release|Any CPU
	EndGlobalSection
	GlobalSection(SolutionProperties) = preSolution
		HideSolutionNode = FALSE
	EndGlobalSection
	GlobalSection(ExtensibilityGlobals) = postSolution
		SolutionGuid = {B6F0DFA2-AD2D-463A-9D6D-A9EB1D55BBD2}
	EndGlobalSection
EndGlobal
