Microsoft Visual Studio Solution File, Format Version 12.00
# Visual Studio Version 17
VisualStudioVersion = 17.5.2.0
MinimumVisualStudioVersion = 10.0.40219.1
Project("{2150E333-8FDC-42A3-9474-1A3956D46DE8}") = "Factory", "Factory", "{1A05CECA-3455-6868-ADAC-E31E3159CA81}"
EndProject
Project("{FAE04EC0-301F-11D3-BF4B-00C04F79EFBC}") = "Example1", "Factory\Example1\Example1.csproj", "{4B18360D-F616-DDFD-EC68-EB0904CE3ABD}"
EndProject
Project("{FAE04EC0-301F-11D3-BF4B-00C04F79EFBC}") = "Structure", "Factory\Structure\Structure.csproj", "{19E50909-F232-4A4F-6DFC-521408AA8CDC}"
EndProject
Global
	GlobalSection(SolutionConfigurationPlatforms) = preSolution
		Debug|Any CPU = Debug|Any CPU
		Release|Any CPU = Release|Any CPU
	EndGlobalSection
	GlobalSection(ProjectConfigurationPlatforms) = postSolution
		{4B18360D-F616-DDFD-EC68-EB0904CE3ABD}.Debug|Any CPU.ActiveCfg = Debug|Any CPU
		{4B18360D-F616-DDFD-EC68-EB0904CE3ABD}.Debug|Any CPU.Build.0 = Debug|Any CPU
		{4B18360D-F616-DDFD-EC68-EB0904CE3ABD}.Release|Any CPU.ActiveCfg = Release|Any CPU
		{4B18360D-F616-DDFD-EC68-EB0904CE3ABD}.Release|Any CPU.Build.0 = Release|Any CPU
		{19E50909-F232-4A4F-6DFC-521408AA8CDC}.Debug|Any CPU.ActiveCfg = Debug|Any CPU
		{19E50909-F232-4A4F-6DFC-521408AA8CDC}.Debug|Any CPU.Build.0 = Debug|Any CPU
		{19E50909-F232-4A4F-6DFC-521408AA8CDC}.Release|Any CPU.ActiveCfg = Release|Any CPU
		{19E50909-F232-4A4F-6DFC-521408AA8CDC}.Release|Any CPU.Build.0 = Release|Any CPU
	EndGlobalSection
	GlobalSection(SolutionProperties) = preSolution
		HideSolutionNode = FALSE
	EndGlobalSection
	GlobalSection(NestedProjects) = preSolution
		{4B18360D-F616-DDFD-EC68-EB0904CE3ABD} = {1A05CECA-3455-6868-ADAC-E31E3159CA81}
		{19E50909-F232-4A4F-6DFC-521408AA8CDC} = {1A05CECA-3455-6868-ADAC-E31E3159CA81}
	EndGlobalSection
	GlobalSection(ExtensibilityGlobals) = postSolution
		SolutionGuid = {76163679-57F1-4596-A3F6-1ADA1CD4FDB9}
	EndGlobalSection
EndGlobal
